{
  "meteor": {},
  "dependencies": {
    "basePackages": {
      "iron-router": {},
      "bootstrap-3": {},
      "font-awesome": {},
      "accounts-entry": {},
      "houston": {},
      "supercalendar": {},
      "pnotify": {},
      "collection-hooks": {},
      "aws-sdk": {},
      "jasmine-unit": {},
      "velocity-html-reporter": {},
      "streams": {}
    },
    "packages": {
      "iron-router": {
        "git": "https://github.com/EventedMind/iron-router.git",
        "tag": "v0.7.1",
        "commit": "d1ffb3f06ea4c112132b030f2eb1a70b81675ecb"
      },
      "bootstrap-3": {
        "git": "https://github.com/mangasocial/meteor-bootstrap-3.git",
        "tag": "v3.2.0-1",
        "commit": "17a63902fc6cf1096c5289d963c66cf28b474727"
      },
      "font-awesome": {
        "git": "https://github.com/nate-strauser/meteor-font-awesome.git",
        "tag": "v4.1.0",
        "commit": "ce6b1e92715d1938babc5d69c655c17e387f5926"
      },
      "accounts-entry": {
        "git": "https://github.com/Differential/accounts-entry.git",
        "tag": "v0.7.3",
        "commit": "7facaa045d3720eeeba3420c28e48d5709188fe3"
      },
      "houston": {
        "git": "https://github.com/gterrono/houston.git",
        "tag": "v1.0.6",
        "commit": "49765acf835385de6de6160b0c86514d5af09395"
      },
      "supercalendar": {
        "git": "https://github.com/gabrielhpugliese/meteor_supercalendar",
        "tag": "v0.2.0",
        "commit": "70229679d36b96be28abab4bf4105a7480d4ebbf"
      },
      "pnotify": {
        "git": "https://github.com/kidovate/meteor-pnotify.git",
        "tag": "v2.0.6",
        "commit": "cbd0bb220d03b20b247e4a6a7bdfc3d2c8064216"
      },
      "collection-hooks": {
        "git": "https://github.com/matb33/meteor-collection-hooks.git",
        "tag": "v0.7.0",
        "commit": "20a6de81f3818f112bccf67b5e1d3db342cf0b18"
      },
      "aws-sdk": {
        "git": "https://github.com/peerlibrary/meteor-aws-sdk.git",
        "tag": "v1.5.1.1",
        "commit": "63efa4ebbe9986bd875f69d5fdf3248c5c44159e"
      },
      "jasmine-unit": {
        "git": "https://github.com/xolvio/jasmine-unit.git",
        "tag": "v0.1.17",
        "commit": "d96a7e46ec5bcb3fdf8a3c8c0b75e084dc168c1b"
      },
      "velocity-html-reporter": {
        "git": "https://github.com/rdickert/velocity-html-reporter.git",
        "tag": "v0.1.2",
        "commit": "5e30cd2adccd1ce7999fb50e33dab0b7841cec87"
      },
      "streams": {
        "git": "https://github.com/arunoda/meteor-streams.git",
        "tag": "v0.1.17",
        "commit": "9fcbbc9b7bf542827babc92089c19e730892a22f"
      },
      "blaze-layout": {
        "git": "https://github.com/EventedMind/blaze-layout.git",
        "tag": "v0.2.4",
        "commit": "b40e9b0612329288d75cf52ad14a7da64bb8618f"
      },
      "accounts-t9n": {
        "git": "https://github.com/softwarerero/meteor-accounts-t9n.git",
        "tag": "v0.0.5",
        "commit": "ad9539a8818049d5d9fa050d8b2a1f62706483b1"
      },
      "paginated-subscription": {
        "git": "https://github.com/tmeasday/meteor-paginated-subscription.git",
        "tag": "v0.2.2",
        "commit": "2133a2163575f569f90253f81314f21b2bf08d20"
      },
      "spin": {
        "git": "https://github.com/SachaG/meteor-spin.git",
        "tag": "v0.2.2",
        "commit": "3f655f0016228e4195acc784c45d3e3a247dc39f"
      },
      "Mesosphere": {
        "git": "https://github.com/copleykj/Mesosphere.git",
        "tag": "v0.1.9",
        "commit": "dc63582fa5d3a4dc3952a80bead9625ef4ab259b"
      },
      "blocking": {
        "git": "https://github.com/peerlibrary/meteor-blocking.git",
        "tag": "v0.4.0",
        "commit": "e25a0be72e771b317b26d2bb5758c983bdcef23c"
      },
      "velocity": {
        "git": "https://github.com/xolvio/velocity.git",
        "tag": "v0.1.10",
        "commit": "b9f6291dd2453ac47773cadc72a9e94438ee9cdb"
      },
      "package-stubber": {
        "git": "https://github.com/alanning/meteor-package-stubber.git",
        "tag": "v0.0.7",
        "commit": "f6d76ae3c9107d25e42bc5b297a8799145e99f73"
      },
      "underscore-string-latest": {
        "git": "https://github.com/TimHeckel/meteor-underscore-string.git",
        "tag": "v2.3.3",
        "commit": "4a5d70eee48fbd90a6e6fc78747250d704a0b3bb"
      }
    }
  }
}
